
Microsoft Visual Studio Solution File, Format Version 12.00
# Visual Studio Version 17
VisualStudioVersion = 17.9.34728.123
MinimumVisualStudioVersion = 10.0.40219.1
Project("{9A19103F-16F7-4668-BE54-9A1E7A4F7556}") = "API", "API.csproj", "{7A8F0AB2-4736-4EEB-81CE-E5B266FCC306}"
EndProject
Project("{9A19103F-16F7-4668-BE54-9A1E7A4F7556}") = "Application", "Application\Application.csproj", "{DA4BE9C7-1689-4B04-BC72-D4654FA6166B}"
EndProject
Project("{9A19103F-16F7-4668-BE54-9A1E7A4F7556}") = "Domain", "Domain\Domain.csproj", "{02B8E208-DDBA-46DF-B53D-C9AEFC461D84}"
EndProject
Project("{9A19103F-16F7-4668-BE54-9A1E7A4F7556}") = "Infrastructure", "Infrastructure\Infrastructure.csproj", "{55C15533-F0E4-4403-ADF0-939922157CD1}"
EndProject
Project("{FAE04EC0-301F-11D3-BF4B-00C04F79EFBC}") = "Tests", "Tests\Tests.csproj", "{B63DE8C7-59EA-45F0-B791-8E95E1CB2B0F}"
EndProject
Global
	GlobalSection(SolutionConfigurationPlatforms) = preSolution
		Debug|Any CPU = Debug|Any CPU
		Release|Any CPU = Release|Any CPU
	EndGlobalSection
	GlobalSection(ProjectConfigurationPlatforms) = postSolution
		{7A8F0AB2-4736-4EEB-81CE-E5B266FCC306}.Debug|Any CPU.ActiveCfg = Debug|Any CPU
		{7A8F0AB2-4736-4EEB-81CE-E5B266FCC306}.Debug|Any CPU.Build.0 = Debug|Any CPU
		{7A8F0AB2-4736-4EEB-81CE-E5B266FCC306}.Release|Any CPU.ActiveCfg = Release|Any CPU
		{7A8F0AB2-4736-4EEB-81CE-E5B266FCC306}.Release|Any CPU.Build.0 = Release|Any CPU
		{DA4BE9C7-1689-4B04-BC72-D4654FA6166B}.Debug|Any CPU.ActiveCfg = Debug|Any CPU
		{DA4BE9C7-1689-4B04-BC72-D4654FA6166B}.Debug|Any CPU.Build.0 = Debug|Any CPU
		{DA4BE9C7-1689-4B04-BC72-D4654FA6166B}.Release|Any CPU.ActiveCfg = Release|Any CPU
		{DA4BE9C7-1689-4B04-BC72-D4654FA6166B}.Release|Any CPU.Build.0 = Release|Any CPU
		{02B8E208-DDBA-46DF-B53D-C9AEFC461D84}.Debug|Any CPU.ActiveCfg = Debug|Any CPU
		{02B8E208-DDBA-46DF-B53D-C9AEFC461D84}.Debug|Any CPU.Build.0 = Debug|Any CPU
		{02B8E208-DDBA-46DF-B53D-C9AEFC461D84}.Release|Any CPU.ActiveCfg = Release|Any CPU
		{02B8E208-DDBA-46DF-B53D-C9AEFC461D84}.Release|Any CPU.Build.0 = Release|Any CPU
		{55C15533-F0E4-4403-ADF0-939922157CD1}.Debug|Any CPU.ActiveCfg = Debug|Any CPU
		{55C15533-F0E4-4403-ADF0-939922157CD1}.Debug|Any CPU.Build.0 = Debug|Any CPU
		{55C15533-F0E4-4403-ADF0-939922157CD1}.Release|Any CPU.ActiveCfg = Release|Any CPU
		{55C15533-F0E4-4403-ADF0-939922157CD1}.Release|Any CPU.Build.0 = Release|Any CPU
		{B63DE8C7-59EA-45F0-B791-8E95E1CB2B0F}.Debug|Any CPU.ActiveCfg = Debug|Any CPU
		{B63DE8C7-59EA-45F0-B791-8E95E1CB2B0F}.Debug|Any CPU.Build.0 = Debug|Any CPU
		{B63DE8C7-59EA-45F0-B791-8E95E1CB2B0F}.Release|Any CPU.ActiveCfg = Release|Any CPU
		{B63DE8C7-59EA-45F0-B791-8E95E1CB2B0F}.Release|Any CPU.Build.0 = Release|Any CPU
	EndGlobalSection
	GlobalSection(SolutionProperties) = preSolution
		HideSolutionNode = FALSE
	EndGlobalSection
	GlobalSection(ExtensibilityGlobals) = postSolution
		SolutionGuid = {CBC57867-4CC3-4D02-AEE9-039B71905AD5}
	EndGlobalSection
EndGlobal
